
Microsoft Visual Studio Solution File, Format Version 12.00
# Visual Studio Version 17
VisualStudioVersion = 17.2.32602.215
MinimumVisualStudioVersion = 10.0.40219.1
Project("{9A19103F-16F7-4668-BE54-9A1E7A4F7556}") = "ExchangeRatesDataAPI", "ExchangeRatesDataAPI.csproj", "{79DE2841-9B12-4275-B939-AB51472BFE7A}"
EndProject
Global
	GlobalSection(SolutionConfigurationPlatforms) = preSolution
		Debug|Any CPU = Debug|Any CPU
		Release|Any CPU = Release|Any CPU
	EndGlobalSection
	GlobalSection(ProjectConfigurationPlatforms) = postSolution
		{79DE2841-9B12-4275-B939-AB51472BFE7A}.Debug|Any CPU.ActiveCfg = Debug|Any CPU
		{79DE2841-9B12-4275-B939-AB51472BFE7A}.Debug|Any CPU.Build.0 = Debug|Any CPU
		{79DE2841-9B12-4275-B939-AB51472BFE7A}.Release|Any CPU.ActiveCfg = Release|Any CPU
		{79DE2841-9B12-4275-B939-AB51472BFE7A}.Release|Any CPU.Build.0 = Release|Any CPU
	EndGlobalSection
	GlobalSection(SolutionProperties) = preSolution
		HideSolutionNode = FALSE
	EndGlobalSection
	GlobalSection(ExtensibilityGlobals) = postSolution
		SolutionGuid = {9C00542C-A543-4610-8000-7019ED68E215}
	EndGlobalSection
EndGlobal
